// !$*UTF8*$!
{
	archiveVersion = 1;
	classes = {
	};
	objectVersion = 56;
	objects = {

/* Begin PBXBuildFile section */
		2181D64729429D6B0078E84E /* FastlaneMatchSampleApp.swift in Sources */ = {isa = PBXBuildFile; fileRef = 2181D64629429D6B0078E84E /* FastlaneMatchSampleApp.swift */; };
		2181D64929429D6B0078E84E /* ContentView.swift in Sources */ = {isa = PBXBuildFile; fileRef = 2181D64829429D6B0078E84E /* ContentView.swift */; };
		2181D64B29429D6C0078E84E /* Assets.xcassets in Resources */ = {isa = PBXBuildFile; fileRef = 2181D64A29429D6C0078E84E /* Assets.xcassets */; };
		2181D64E29429D6C0078E84E /* Preview Assets.xcassets in Resources */ = {isa = PBXBuildFile; fileRef = 2181D64D29429D6C0078E84E /* Preview Assets.xcassets */; };
		2181D65829429D6D0078E84E /* FastlaneMatchSampleTests.swift in Sources */ = {isa = PBXBuildFile; fileRef = 2181D65729429D6D0078E84E /* FastlaneMatchSampleTests.swift */; };
		2181D66229429D6D0078E84E /* FastlaneMatchSampleUITests.swift in Sources */ = {isa = PBXBuildFile; fileRef = 2181D66129429D6D0078E84E /* FastlaneMatchSampleUITests.swift */; };
		2181D66429429D6D0078E84E /* FastlaneMatchSampleUITestsLaunchTests.swift in Sources */ = {isa = PBXBuildFile; fileRef = 2181D66329429D6D0078E84E /* FastlaneMatchSampleUITestsLaunchTests.swift */; };
/* End PBXBuildFile section */

/* Begin PBXContainerItemProxy section */
		2181D65429429D6D0078E84E /* PBXContainerItemProxy */ = {
			isa = PBXContainerItemProxy;
			containerPortal = 2181D63B29429D6B0078E84E /* Project object */;
			proxyType = 1;
			remoteGlobalIDString = 2181D64229429D6B0078E84E;
			remoteInfo = FastlaneMatchSample;
		};
		2181D65E29429D6D0078E84E /* PBXContainerItemProxy */ = {
			isa = PBXContainerItemProxy;
			containerPortal = 2181D63B29429D6B0078E84E /* Project object */;
			proxyType = 1;
			remoteGlobalIDString = 2181D64229429D6B0078E84E;
			remoteInfo = FastlaneMatchSample;
		};
/* End PBXContainerItemProxy section */

/* Begin PBXFileReference section */
		2181D64329429D6B0078E84E /* FastlaneMatchSample.app */ = {isa = PBXFileReference; explicitFileType = wrapper.application; includeInIndex = 0; path = FastlaneMatchSample.app; sourceTree = BUILT_PRODUCTS_DIR; };
		2181D64629429D6B0078E84E /* FastlaneMatchSampleApp.swift */ = {isa = PBXFileReference; lastKnownFileType = sourcecode.swift; path = FastlaneMatchSampleApp.swift; sourceTree = "<group>"; };
		2181D64829429D6B0078E84E /* ContentView.swift */ = {isa = PBXFileReference; lastKnownFileType = sourcecode.swift; path = ContentView.swift; sourceTree = "<group>"; };
		2181D64A29429D6C0078E84E /* Assets.xcassets */ = {isa = PBXFileReference; lastKnownFileType = folder.assetcatalog; path = Assets.xcassets; sourceTree = "<group>"; };
		2181D64D29429D6C0078E84E /* Preview Assets.xcassets */ = {isa = PBXFileReference; lastKnownFileType = folder.assetcatalog; path = "Preview Assets.xcassets"; sourceTree = "<group>"; };
		2181D65329429D6D0078E84E /* FastlaneMatchSampleTests.xctest */ = {isa = PBXFileReference; explicitFileType = wrapper.cfbundle; includeInIndex = 0; path = FastlaneMatchSampleTests.xctest; sourceTree = BUILT_PRODUCTS_DIR; };
		2181D65729429D6D0078E84E /* FastlaneMatchSampleTests.swift */ = {isa = PBXFileReference; lastKnownFileType = sourcecode.swift; path = FastlaneMatchSampleTests.swift; sourceTree = "<group>"; };
		2181D65D29429D6D0078E84E /* FastlaneMatchSampleUITests.xctest */ = {isa = PBXFileReference; explicitFileType = wrapper.cfbundle; includeInIndex = 0; path = FastlaneMatchSampleUITests.xctest; sourceTree = BUILT_PRODUCTS_DIR; };
		2181D66129429D6D0078E84E /* FastlaneMatchSampleUITests.swift */ = {isa = PBXFileReference; lastKnownFileType = sourcecode.swift; path = FastlaneMatchSampleUITests.swift; sourceTree = "<group>"; };
		2181D66329429D6D0078E84E /* FastlaneMatchSampleUITestsLaunchTests.swift */ = {isa = PBXFileReference; lastKnownFileType = sourcecode.swift; path = FastlaneMatchSampleUITestsLaunchTests.swift; sourceTree = "<group>"; };
/* End PBXFileReference section */

/* Begin PBXFrameworksBuildPhase section */
		2181D64029429D6B0078E84E /* Frameworks */ = {
			isa = PBXFrameworksBuildPhase;
			buildActionMask = 2147483647;
			files = (
			);
			runOnlyForDeploymentPostprocessing = 0;
		};
		2181D65029429D6D0078E84E /* Frameworks */ = {
			isa = PBXFrameworksBuildPhase;
			buildActionMask = 2147483647;
			files = (
			);
			runOnlyForDeploymentPostprocessing = 0;
		};
		2181D65A29429D6D0078E84E /* Frameworks */ = {
			isa = PBXFrameworksBuildPhase;
			buildActionMask = 2147483647;
			files = (
			);
			runOnlyForDeploymentPostprocessing = 0;
		};
/* End PBXFrameworksBuildPhase section */

/* Begin PBXGroup section */
		2181D63A29429D6B0078E84E = {
			isa = PBXGroup;
			children = (
				2181D64529429D6B0078E84E /* FastlaneMatchSample */,
				2181D65629429D6D0078E84E /* FastlaneMatchSampleTests */,
				2181D66029429D6D0078E84E /* FastlaneMatchSampleUITests */,
				2181D64429429D6B0078E84E /* Products */,
			);
			sourceTree = "<group>";
		};
		2181D64429429D6B0078E84E /* Products */ = {
			isa = PBXGroup;
			children = (
				2181D64329429D6B0078E84E /* FastlaneMatchSample.app */,
				2181D65329429D6D0078E84E /* FastlaneMatchSampleTests.xctest */,
				2181D65D29429D6D0078E84E /* FastlaneMatchSampleUITests.xctest */,
			);
			name = Products;
			sourceTree = "<group>";
		};
		2181D64529429D6B0078E84E /* FastlaneMatchSample */ = {
			isa = PBXGroup;
			children = (
				2181D64629429D6B0078E84E /* FastlaneMatchSampleApp.swift */,
				2181D64829429D6B0078E84E /* ContentView.swift */,
				2181D64A29429D6C0078E84E /* Assets.xcassets */,
				2181D64C29429D6C0078E84E /* Preview Content */,
			);
			path = FastlaneMatchSample;
			sourceTree = "<group>";
		};
		2181D64C29429D6C0078E84E /* Preview Content */ = {
			isa = PBXGroup;
			children = (
				2181D64D29429D6C0078E84E /* Preview Assets.xcassets */,
			);
			path = "Preview Content";
			sourceTree = "<group>";
		};
		2181D65629429D6D0078E84E /* FastlaneMatchSampleTests */ = {
			isa = PBXGroup;
			children = (
				2181D65729429D6D0078E84E /* FastlaneMatchSampleTests.swift */,
			);
			path = FastlaneMatchSampleTests;
			sourceTree = "<group>";
		};
		2181D66029429D6D0078E84E /* FastlaneMatchSampleUITests */ = {
			isa = PBXGroup;
			children = (
				2181D66129429D6D0078E84E /* FastlaneMatchSampleUITests.swift */,
				2181D66329429D6D0078E84E /* FastlaneMatchSampleUITestsLaunchTests.swift */,
			);
			path = FastlaneMatchSampleUITests;
			sourceTree = "<group>";
		};
/* End PBXGroup section */

/* Begin PBXNativeTarget section */
		2181D64229429D6B0078E84E /* FastlaneMatchSample */ = {
			isa = PBXNativeTarget;
			buildConfigurationList = 2181D66729429D6D0078E84E /* Build configuration list for PBXNativeTarget "FastlaneMatchSample" */;
			buildPhases = (
				2181D63F29429D6B0078E84E /* Sources */,
				2181D64029429D6B0078E84E /* Frameworks */,
				2181D64129429D6B0078E84E /* Resources */,
			);
			buildRules = (
			);
			dependencies = (
			);
			name = FastlaneMatchSample;
			productName = FastlaneMatchSample;
			productReference = 2181D64329429D6B0078E84E /* FastlaneMatchSample.app */;
			productType = "com.apple.product-type.application";
		};
		2181D65229429D6D0078E84E /* FastlaneMatchSampleTests */ = {
			isa = PBXNativeTarget;
			buildConfigurationList = 2181D66A29429D6D0078E84E /* Build configuration list for PBXNativeTarget "FastlaneMatchSampleTests" */;
			buildPhases = (
				2181D64F29429D6D0078E84E /* Sources */,
				2181D65029429D6D0078E84E /* Frameworks */,
				2181D65129429D6D0078E84E /* Resources */,
			);
			buildRules = (
			);
			dependencies = (
				2181D65529429D6D0078E84E /* PBXTargetDependency */,
			);
			name = FastlaneMatchSampleTests;
			productName = FastlaneMatchSampleTests;
			productReference = 2181D65329429D6D0078E84E /* FastlaneMatchSampleTests.xctest */;
			productType = "com.apple.product-type.bundle.unit-test";
		};
		2181D65C29429D6D0078E84E /* FastlaneMatchSampleUITests */ = {
			isa = PBXNativeTarget;
			buildConfigurationList = 2181D66D29429D6D0078E84E /* Build configuration list for PBXNativeTarget "FastlaneMatchSampleUITests" */;
			buildPhases = (
				2181D65929429D6D0078E84E /* Sources */,
				2181D65A29429D6D0078E84E /* Frameworks */,
				2181D65B29429D6D0078E84E /* Resources */,
			);
			buildRules = (
			);
			dependencies = (
				2181D65F29429D6D0078E84E /* PBXTargetDependency */,
			);
			name = FastlaneMatchSampleUITests;
			productName = FastlaneMatchSampleUITests;
			productReference = 2181D65D29429D6D0078E84E /* FastlaneMatchSampleUITests.xctest */;
			productType = "com.apple.product-type.bundle.ui-testing";
		};
/* End PBXNativeTarget section */

/* Begin PBXProject section */
		2181D63B29429D6B0078E84E /* Project object */ = {
			isa = PBXProject;
			attributes = {
				BuildIndependentTargetsInParallel = 1;
				LastSwiftUpdateCheck = 1410;
				LastUpgradeCheck = 1410;
				TargetAttributes = {
					2181D64229429D6B0078E84E = {
						CreatedOnToolsVersion = 14.1;
					};
					2181D65229429D6D0078E84E = {
						CreatedOnToolsVersion = 14.1;
						TestTargetID = 2181D64229429D6B0078E84E;
					};
					2181D65C29429D6D0078E84E = {
						CreatedOnToolsVersion = 14.1;
						TestTargetID = 2181D64229429D6B0078E84E;
					};
				};
			};
			buildConfigurationList = 2181D63E29429D6B0078E84E /* Build configuration list for PBXProject "FastlaneMatchSample" */;
			compatibilityVersion = "Xcode 14.0";
			developmentRegion = en;
			hasScannedForEncodings = 0;
			knownRegions = (
				en,
				Base,
			);
			mainGroup = 2181D63A29429D6B0078E84E;
			productRefGroup = 2181D64429429D6B0078E84E /* Products */;
			projectDirPath = "";
			projectRoot = "";
			targets = (
				2181D64229429D6B0078E84E /* FastlaneMatchSample */,
				2181D65229429D6D0078E84E /* FastlaneMatchSampleTests */,
				2181D65C29429D6D0078E84E /* FastlaneMatchSampleUITests */,
			);
		};
/* End PBXProject section */

/* Begin PBXResourcesBuildPhase section */
		2181D64129429D6B0078E84E /* Resources */ = {
			isa = PBXResourcesBuildPhase;
			buildActionMask = 2147483647;
			files = (
				2181D64E29429D6C0078E84E /* Preview Assets.xcassets in Resources */,
				2181D64B29429D6C0078E84E /* Assets.xcassets in Resources */,
			);
			runOnlyForDeploymentPostprocessing = 0;
		};
		2181D65129429D6D0078E84E /* Resources */ = {
			isa = PBXResourcesBuildPhase;
			buildActionMask = 2147483647;
			files = (
			);
			runOnlyForDeploymentPostprocessing = 0;
		};
		2181D65B29429D6D0078E84E /* Resources */ = {
			isa = PBXResourcesBuildPhase;
			buildActionMask = 2147483647;
			files = (
			);
			runOnlyForDeploymentPostprocessing = 0;
		};
/* End PBXResourcesBuildPhase section */

/* Begin PBXSourcesBuildPhase section */
		2181D63F29429D6B0078E84E /* Sources */ = {
			isa = PBXSourcesBuildPhase;
			buildActionMask = 2147483647;
			files = (
				2181D64929429D6B0078E84E /* ContentView.swift in Sources */,
				2181D64729429D6B0078E84E /* FastlaneMatchSampleApp.swift in Sources */,
			);
			runOnlyForDeploymentPostprocessing = 0;
		};
		2181D64F29429D6D0078E84E /* Sources */ = {
			isa = PBXSourcesBuildPhase;
			buildActionMask = 2147483647;
			files = (
				2181D65829429D6D0078E84E /* FastlaneMatchSampleTests.swift in Sources */,
			);
			runOnlyForDeploymentPostprocessing = 0;
		};
		2181D65929429D6D0078E84E /* Sources */ = {
			isa = PBXSourcesBuildPhase;
			buildActionMask = 2147483647;
			files = (
				2181D66429429D6D0078E84E /* FastlaneMatchSampleUITestsLaunchTests.swift in Sources */,
				2181D66229429D6D0078E84E /* FastlaneMatchSampleUITests.swift in Sources */,
			);
			runOnlyForDeploymentPostprocessing = 0;
		};
/* End PBXSourcesBuildPhase section */

/* Begin PBXTargetDependency section */
		2181D65529429D6D0078E84E /* PBXTargetDependency */ = {
			isa = PBXTargetDependency;
			target = 2181D64229429D6B0078E84E /* FastlaneMatchSample */;
			targetProxy = 2181D65429429D6D0078E84E /* PBXContainerItemProxy */;
		};
		2181D65F29429D6D0078E84E /* PBXTargetDependency */ = {
			isa = PBXTargetDependency;
			target = 2181D64229429D6B0078E84E /* FastlaneMatchSample */;
			targetProxy = 2181D65E29429D6D0078E84E /* PBXContainerItemProxy */;
		};
/* End PBXTargetDependency section */

/* Begin XCBuildConfiguration section */
		2181D66529429D6D0078E84E /* Debug */ = {
			isa = XCBuildConfiguration;
			buildSettings = {
				ALWAYS_SEARCH_USER_PATHS = NO;
				CLANG_ANALYZER_NONNULL = YES;
				CLANG_ANALYZER_NUMBER_OBJECT_CONVERSION = YES_AGGRESSIVE;
				CLANG_CXX_LANGUAGE_STANDARD = "gnu++20";
				CLANG_ENABLE_MODULES = YES;
				CLANG_ENABLE_OBJC_ARC = YES;
				CLANG_ENABLE_OBJC_WEAK = YES;
				CLANG_WARN_BLOCK_CAPTURE_AUTORELEASING = YES;
				CLANG_WARN_BOOL_CONVERSION = YES;
				CLANG_WARN_COMMA = YES;
				CLANG_WARN_CONSTANT_CONVERSION = YES;
				CLANG_WARN_DEPRECATED_OBJC_IMPLEMENTATIONS = YES;
				CLANG_WARN_DIRECT_OBJC_ISA_USAGE = YES_ERROR;
				CLANG_WARN_DOCUMENTATION_COMMENTS = YES;
				CLANG_WARN_EMPTY_BODY = YES;
				CLANG_WARN_ENUM_CONVERSION = YES;
				CLANG_WARN_INFINITE_RECURSION = YES;
				CLANG_WARN_INT_CONVERSION = YES;
				CLANG_WARN_NON_LITERAL_NULL_CONVERSION = YES;
				CLANG_WARN_OBJC_IMPLICIT_RETAIN_SELF = YES;
				CLANG_WARN_OBJC_LITERAL_CONVERSION = YES;
				CLANG_WARN_OBJC_ROOT_CLASS = YES_ERROR;
				CLANG_WARN_QUOTED_INCLUDE_IN_FRAMEWORK_HEADER = YES;
				CLANG_WARN_RANGE_LOOP_ANALYSIS = YES;
				CLANG_WARN_STRICT_PROTOTYPES = YES;
				CLANG_WARN_SUSPICIOUS_MOVE = YES;
				CLANG_WARN_UNGUARDED_AVAILABILITY = YES_AGGRESSIVE;
				CLANG_WARN_UNREACHABLE_CODE = YES;
				CLANG_WARN__DUPLICATE_METHOD_MATCH = YES;
				COPY_PHASE_STRIP = NO;
				DEBUG_INFORMATION_FORMAT = dwarf;
				DEVELOPMENT_TEAM = DT2C2FZ7U2;
				ENABLE_STRICT_OBJC_MSGSEND = YES;
				ENABLE_TESTABILITY = YES;
				GCC_C_LANGUAGE_STANDARD = gnu11;
				GCC_DYNAMIC_NO_PIC = NO;
				GCC_NO_COMMON_BLOCKS = YES;
				GCC_OPTIMIZATION_LEVEL = 0;
				GCC_PREPROCESSOR_DEFINITIONS = (
					"DEBUG=1",
					"$(inherited)",
				);
				GCC_WARN_64_TO_32_BIT_CONVERSION = YES;
				GCC_WARN_ABOUT_RETURN_TYPE = YES_ERROR;
				GCC_WARN_UNDECLARED_SELECTOR = YES;
				GCC_WARN_UNINITIALIZED_AUTOS = YES_AGGRESSIVE;
				GCC_WARN_UNUSED_FUNCTION = YES;
				GCC_WARN_UNUSED_VARIABLE = YES;
				IPHONEOS_DEPLOYMENT_TARGET = 16.1;
				MTL_ENABLE_DEBUG_INFO = INCLUDE_SOURCE;
				MTL_FAST_MATH = YES;
				ONLY_ACTIVE_ARCH = YES;
				SDKROOT = iphoneos;
				SWIFT_ACTIVE_COMPILATION_CONDITIONS = DEBUG;
				SWIFT_OPTIMIZATION_LEVEL = "-Onone";
			};
			name = Debug;
		};
		2181D66629429D6D0078E84E /* Release */ = {
			isa = XCBuildConfiguration;
			buildSettings = {
				ALWAYS_SEARCH_USER_PATHS = NO;
				CLANG_ANALYZER_NONNULL = YES;
				CLANG_ANALYZER_NUMBER_OBJECT_CONVERSION = YES_AGGRESSIVE;
				CLANG_CXX_LANGUAGE_STANDARD = "gnu++20";
				CLANG_ENABLE_MODULES = YES;
				CLANG_ENABLE_OBJC_ARC = YES;
				CLANG_ENABLE_OBJC_WEAK = YES;
				CLANG_WARN_BLOCK_CAPTURE_AUTORELEASING = YES;
				CLANG_WARN_BOOL_CONVERSION = YES;
				CLANG_WARN_COMMA = YES;
				CLANG_WARN_CONSTANT_CONVERSION = YES;
				CLANG_WARN_DEPRECATED_OBJC_IMPLEMENTATIONS = YES;
				CLANG_WARN_DIRECT_OBJC_ISA_USAGE = YES_ERROR;
				CLANG_WARN_DOCUMENTATION_COMMENTS = YES;
				CLANG_WARN_EMPTY_BODY = YES;
				CLANG_WARN_ENUM_CONVERSION = YES;
				CLANG_WARN_INFINITE_RECURSION = YES;
				CLANG_WARN_INT_CONVERSION = YES;
				CLANG_WARN_NON_LITERAL_NULL_CONVERSION = YES;
				CLANG_WARN_OBJC_IMPLICIT_RETAIN_SELF = YES;
				CLANG_WARN_OBJC_LITERAL_CONVERSION = YES;
				CLANG_WARN_OBJC_ROOT_CLASS = YES_ERROR;
				CLANG_WARN_QUOTED_INCLUDE_IN_FRAMEWORK_HEADER = YES;
				CLANG_WARN_RANGE_LOOP_ANALYSIS = YES;
				CLANG_WARN_STRICT_PROTOTYPES = YES;
				CLANG_WARN_SUSPICIOUS_MOVE = YES;
				CLANG_WARN_UNGUARDED_AVAILABILITY = YES_AGGRESSIVE;
				CLANG_WARN_UNREACHABLE_CODE = YES;
				CLANG_WARN__DUPLICATE_METHOD_MATCH = YES;
				COPY_PHASE_STRIP = NO;
				DEBUG_INFORMATION_FORMAT = "dwarf-with-dsym";
				DEVELOPMENT_TEAM = DT2C2FZ7U2;
				ENABLE_NS_ASSERTIONS = NO;
				ENABLE_STRICT_OBJC_MSGSEND = YES;
				GCC_C_LANGUAGE_STANDARD = gnu11;
				GCC_NO_COMMON_BLOCKS = YES;
				GCC_WARN_64_TO_32_BIT_CONVERSION = YES;
				GCC_WARN_ABOUT_RETURN_TYPE = YES_ERROR;
				GCC_WARN_UNDECLARED_SELECTOR = YES;
				GCC_WARN_UNINITIALIZED_AUTOS = YES_AGGRESSIVE;
				GCC_WARN_UNUSED_FUNCTION = YES;
				GCC_WARN_UNUSED_VARIABLE = YES;
				IPHONEOS_DEPLOYMENT_TARGET = 16.1;
				MTL_ENABLE_DEBUG_INFO = NO;
				MTL_FAST_MATH = YES;
				SDKROOT = iphoneos;
				SWIFT_COMPILATION_MODE = wholemodule;
				SWIFT_OPTIMIZATION_LEVEL = "-O";
				VALIDATE_PRODUCT = YES;
			};
			name = Release;
		};
		2181D66829429D6D0078E84E /* Debug */ = {
			isa = XCBuildConfiguration;
			buildSettings = {
				ASSETCATALOG_COMPILER_APPICON_NAME = AppIcon;
				ASSETCATALOG_COMPILER_GLOBAL_ACCENT_COLOR_NAME = AccentColor;
				"CODE_SIGN_IDENTITY[sdk=iphoneos*]" = "iPhone Developer";
				CODE_SIGN_STYLE = Manual;
				CURRENT_PROJECT_VERSION = 1;
				DEVELOPMENT_ASSET_PATHS = "\"FastlaneMatchSample/Preview Content\"";
				DEVELOPMENT_TEAM = "";
				"DEVELOPMENT_TEAM[sdk=iphoneos*]" = DT2C2FZ7U2;
				ENABLE_PREVIEWS = YES;
				GENERATE_INFOPLIST_FILE = YES;
				INFOPLIST_KEY_UIApplicationSceneManifest_Generation = YES;
				INFOPLIST_KEY_UIApplicationSupportsIndirectInputEvents = YES;
				INFOPLIST_KEY_UILaunchScreen_Generation = YES;
				INFOPLIST_KEY_UISupportedInterfaceOrientations_iPad = "UIInterfaceOrientationPortrait UIInterfaceOrientationPortraitUpsideDown UIInterfaceOrientationLandscapeLeft UIInterfaceOrientationLandscapeRight";
				INFOPLIST_KEY_UISupportedInterfaceOrientations_iPhone = "UIInterfaceOrientationPortrait UIInterfaceOrientationLandscapeLeft UIInterfaceOrientationLandscapeRight";
				LD_RUNPATH_SEARCH_PATHS = (
					"$(inherited)",
					"@executable_path/Frameworks",
				);
				MARKETING_VERSION = 1.0;
				PRODUCT_BUNDLE_IDENTIFIER = io.bitrise.FastlaneMatchSample;
				PRODUCT_NAME = "$(TARGET_NAME)";
				PROVISIONING_PROFILE_SPECIFIER = "";
				"PROVISIONING_PROFILE_SPECIFIER[sdk=iphoneos*]" = "match Development io.bitrise.FastlaneMatchSample";
				SWIFT_EMIT_LOC_STRINGS = YES;
				SWIFT_VERSION = 5.0;
				TARGETED_DEVICE_FAMILY = "1,2";
			};
			name = Debug;
		};
		2181D66929429D6D0078E84E /* Release */ = {
			isa = XCBuildConfiguration;
			buildSettings = {
				ASSETCATALOG_COMPILER_APPICON_NAME = AppIcon;
				ASSETCATALOG_COMPILER_GLOBAL_ACCENT_COLOR_NAME = AccentColor;
				"CODE_SIGN_IDENTITY[sdk=iphoneos*]" = "iPhone Developer";
				CODE_SIGN_STYLE = Manual;
				CURRENT_PROJECT_VERSION = 1;
				DEVELOPMENT_ASSET_PATHS = "\"FastlaneMatchSample/Preview Content\"";
				DEVELOPMENT_TEAM = "";
				"DEVELOPMENT_TEAM[sdk=iphoneos*]" = DT2C2FZ7U2;
				ENABLE_PREVIEWS = YES;
				GENERATE_INFOPLIST_FILE = YES;
				INFOPLIST_KEY_UIApplicationSceneManifest_Generation = YES;
				INFOPLIST_KEY_UIApplicationSupportsIndirectInputEvents = YES;
				INFOPLIST_KEY_UILaunchScreen_Generation = YES;
				INFOPLIST_KEY_UISupportedInterfaceOrientations_iPad = "UIInterfaceOrientationPortrait UIInterfaceOrientationPortraitUpsideDown UIInterfaceOrientationLandscapeLeft UIInterfaceOrientationLandscapeRight";
				INFOPLIST_KEY_UISupportedInterfaceOrientations_iPhone = "UIInterfaceOrientationPortrait UIInterfaceOrientationLandscapeLeft UIInterfaceOrientationLandscapeRight";
				LD_RUNPATH_SEARCH_PATHS = (
					"$(inherited)",
					"@executable_path/Frameworks",
				);
				MARKETING_VERSION = 1.0;
				PRODUCT_BUNDLE_IDENTIFIER = io.bitrise.FastlaneMatchSample;
				PRODUCT_NAME = "$(TARGET_NAME)";
				PROVISIONING_PROFILE_SPECIFIER = "";
				"PROVISIONING_PROFILE_SPECIFIER[sdk=iphoneos*]" = "match Development io.bitrise.FastlaneMatchSample";
				SWIFT_EMIT_LOC_STRINGS = YES;
				SWIFT_VERSION = 5.0;
				TARGETED_DEVICE_FAMILY = "1,2";
			};
			name = Release;
		};
		2181D66B29429D6D0078E84E /* Debug */ = {
			isa = XCBuildConfiguration;
			buildSettings = {
				ALWAYS_EMBED_SWIFT_STANDARD_LIBRARIES = YES;
				BUNDLE_LOADER = "$(TEST_HOST)";
				CODE_SIGN_STYLE = Automatic;
				CURRENT_PROJECT_VERSION = 1;
				DEVELOPMENT_TEAM = DT2C2FZ7U2;
				GENERATE_INFOPLIST_FILE = YES;
				IPHONEOS_DEPLOYMENT_TARGET = 16.1;
				MARKETING_VERSION = 1.0;
				PRODUCT_BUNDLE_IDENTIFIER = io.bitrise.FastlaneMatchSampleTests;
				PRODUCT_NAME = "$(TARGET_NAME)";
				SWIFT_EMIT_LOC_STRINGS = NO;
				SWIFT_VERSION = 5.0;
				TARGETED_DEVICE_FAMILY = "1,2";
				TEST_HOST = "$(BUILT_PRODUCTS_DIR)/FastlaneMatchSample.app/$(BUNDLE_EXECUTABLE_FOLDER_PATH)/FastlaneMatchSample";
			};
			name = Debug;
		};
		2181D66C29429D6D0078E84E /* Release */ = {
			isa = XCBuildConfiguration;
			buildSettings = {
				ALWAYS_EMBED_SWIFT_STANDARD_LIBRARIES = YES;
				BUNDLE_LOADER = "$(TEST_HOST)";
				CODE_SIGN_STYLE = Automatic;
				CURRENT_PROJECT_VERSION = 1;
				DEVELOPMENT_TEAM = DT2C2FZ7U2;
				GENERATE_INFOPLIST_FILE = YES;
				IPHONEOS_DEPLOYMENT_TARGET = 16.1;
				MARKETING_VERSION = 1.0;
				PRODUCT_BUNDLE_IDENTIFIER = io.bitrise.FastlaneMatchSampleTests;
				PRODUCT_NAME = "$(TARGET_NAME)";
				SWIFT_EMIT_LOC_STRINGS = NO;
				SWIFT_VERSION = 5.0;
				TARGETED_DEVICE_FAMILY = "1,2";
				TEST_HOST = "$(BUILT_PRODUCTS_DIR)/FastlaneMatchSample.app/$(BUNDLE_EXECUTABLE_FOLDER_PATH)/FastlaneMatchSample";
			};
			name = Release;
		};
		2181D66E29429D6D0078E84E /* Debug */ = {
			isa = XCBuildConfiguration;
			buildSettings = {
				ALWAYS_EMBED_SWIFT_STANDARD_LIBRARIES = YES;
				CODE_SIGN_STYLE = Automatic;
				CURRENT_PROJECT_VERSION = 1;
				DEVELOPMENT_TEAM = DT2C2FZ7U2;
				GENERATE_INFOPLIST_FILE = YES;
				MARKETING_VERSION = 1.0;
				PRODUCT_BUNDLE_IDENTIFIER = io.bitrise.FastlaneMatchSampleUITests;
				PRODUCT_NAME = "$(TARGET_NAME)";
				SWIFT_EMIT_LOC_STRINGS = NO;
				SWIFT_VERSION = 5.0;
				TARGETED_DEVICE_FAMILY = "1,2";
				TEST_TARGET_NAME = FastlaneMatchSample;
			};
			name = Debug;
		};
		2181D66F29429D6D0078E84E /* Release */ = {
			isa = XCBuildConfiguration;
			buildSettings = {
				ALWAYS_EMBED_SWIFT_STANDARD_LIBRARIES = YES;
				CODE_SIGN_STYLE = Automatic;
				CURRENT_PROJECT_VERSION = 1;
				DEVELOPMENT_TEAM = DT2C2FZ7U2;
				GENERATE_INFOPLIST_FILE = YES;
				MARKETING_VERSION = 1.0;
				PRODUCT_BUNDLE_IDENTIFIER = io.bitrise.FastlaneMatchSampleUITests;
				PRODUCT_NAME = "$(TARGET_NAME)";
				SWIFT_EMIT_LOC_STRINGS = NO;
				SWIFT_VERSION = 5.0;
				TARGETED_DEVICE_FAMILY = "1,2";
				TEST_TARGET_NAME = FastlaneMatchSample;
			};
			name = Release;
		};
/* End XCBuildConfiguration section */

/* Begin XCConfigurationList section */
		2181D63E29429D6B0078E84E /* Build configuration list for PBXProject "FastlaneMatchSample" */ = {
			isa = XCConfigurationList;
			buildConfigurations = (
				2181D66529429D6D0078E84E /* Debug */,
				2181D66629429D6D0078E84E /* Release */,
			);
			defaultConfigurationIsVisible = 0;
			defaultConfigurationName = Release;
		};
		2181D66729429D6D0078E84E /* Build configuration list for PBXNativeTarget "FastlaneMatchSample" */ = {
			isa = XCConfigurationList;
			buildConfigurations = (
				2181D66829429D6D0078E84E /* Debug */,
				2181D66929429D6D0078E84E /* Release */,
			);
			defaultConfigurationIsVisible = 0;
			defaultConfigurationName = Release;
		};
		2181D66A29429D6D0078E84E /* Build configuration list for PBXNativeTarget "FastlaneMatchSampleTests" */ = {
			isa = XCConfigurationList;
			buildConfigurations = (
				2181D66B29429D6D0078E84E /* Debug */,
				2181D66C29429D6D0078E84E /* Release */,
			);
			defaultConfigurationIsVisible = 0;
			defaultConfigurationName = Release;
		};
		2181D66D29429D6D0078E84E /* Build configuration list for PBXNativeTarget "FastlaneMatchSampleUITests" */ = {
			isa = XCConfigurationList;
			buildConfigurations = (
				2181D66E29429D6D0078E84E /* Debug */,
				2181D66F29429D6D0078E84E /* Release */,
			);
			defaultConfigurationIsVisible = 0;
			defaultConfigurationName = Release;
		};
/* End XCConfigurationList section */
	};
	rootObject = 2181D63B29429D6B0078E84E /* Project object */;
}
